<?xml version="1.0" encoding="utf-8"?>
<Project ToolsVersion="4.0" xmlns="http://schemas.microsoft.com/developer/msbuild/2003">
  <ItemGroup>
    <Filter Include="DirectDraw">
      <UniqueIdentifier>{c0a84796-f38d-4d15-9866-2959b74151d1}</UniqueIdentifier>
    </Filter>
    <Filter Include="DirectInput">
      <UniqueIdentifier>{c119c96f-9693-4fdd-8ded-33ce451f01ad}</UniqueIdentifier>
    </Filter>
    <Filter Include="DirectSound">
      <UniqueIdentifier>{e4e7e5b4-fc9e-4375-bb01-4f5b7c9bd1ef}</UniqueIdentifier>
    </Filter>
    <Filter Include="File">
      <UniqueIdentifier>{be875a4a-37a2-4cdb-bc96-7232065f73ab}</UniqueIdentifier>
    </Filter>
    <Filter Include="Geometry">
      <UniqueIdentifier>{efc7c0db-17de-411d-a97a-4b730da92717}</UniqueIdentifier>
    </Filter>
    <Filter Include="Misc">
      <UniqueIdentifier>{627a370f-4f40-4a89-a2fc-62c625f0bd9f}</UniqueIdentifier>
    </Filter>
    <Filter Include="OpenGL">
      <UniqueIdentifier>{980ba012-5a80-4edf-9bd7-4b1bfabc5a26}</UniqueIdentifier>
    </Filter>
    <Filter Include="OpenGL\Extensions">
      <UniqueIdentifier>{2acb0207-e660-4b03-92b8-9c9545cda954}</UniqueIdentifier>
    </Filter>
    <Filter Include="Windows">
      <UniqueIdentifier>{86cd47eb-a953-459c-a5a7-21d099bcf3cf}</UniqueIdentifier>
    </Filter>
    <Filter Include="Ressourcen">
      <UniqueIdentifier>{ba385294-82dc-480b-858c-1cc478deb20b}</UniqueIdentifier>
    </Filter>
    <Filter Include="Direct3D">
      <UniqueIdentifier>{7760efca-addc-472e-b4df-477a7d5a814b}</UniqueIdentifier>
    </Filter>
    <Filter Include="Math">
      <UniqueIdentifier>{93662fa8-bf47-4f6e-8d64-1121db04e3ea}</UniqueIdentifier>
    </Filter>
    <Filter Include="Messaging">
      <UniqueIdentifier>{c3b31950-5d2d-45b2-9dd7-12514531b2ef}</UniqueIdentifier>
    </Filter>
    <Filter Include="ADT">
      <UniqueIdentifier>{c81df1bd-eb42-4889-802c-b28a23a67e6d}</UniqueIdentifier>
    </Filter>
  </ItemGroup>
  <ItemGroup>
    <ClCompile Include="Include\Ddraw\DDErr.cpp">
      <Filter>DirectDraw</Filter>
    </ClCompile>
    <ClCompile Include="Include\Ddraw\DDrawException.cpp">
      <Filter>DirectDraw</Filter>
    </ClCompile>
    <ClCompile Include="Include\Ddraw\DDUtil.cpp">
      <Filter>DirectDraw</Filter>
    </ClCompile>
    <ClCompile Include="Include\Ddraw\DirectDraw.cpp">
      <Filter>DirectDraw</Filter>
    </ClCompile>
    <ClCompile Include="Include\Ddraw\Overlay.cpp">
      <Filter>DirectDraw</Filter>
    </ClCompile>
    <ClCompile Include="Include\Ddraw\Palette.cpp">
      <Filter>DirectDraw</Filter>
    </ClCompile>
    <ClCompile Include="Include\Ddraw\Surface.cpp">
      <Filter>DirectDraw</Filter>
    </ClCompile>
    <ClCompile Include="Include\Ddraw\Surface16.cpp">
      <Filter>DirectDraw</Filter>
    </ClCompile>
    <ClCompile Include="Include\Ddraw\Surface8.cpp">
      <Filter>DirectDraw</Filter>
    </ClCompile>
    <ClCompile Include="Include\Ddraw\SurfaceMem.cpp">
      <Filter>DirectDraw</Filter>
    </ClCompile>
    <ClCompile Include="Include\Dinput\DIErr.cpp">
      <Filter>DirectInput</Filter>
    </ClCompile>
    <ClCompile Include="Include\Dinput\DInputDevice.cpp">
      <Filter>DirectInput</Filter>
    </ClCompile>
    <ClCompile Include="Include\Dinput\DInputException.cpp">
      <Filter>DirectInput</Filter>
    </ClCompile>
    <ClCompile Include="Include\Dinput\DirectInput.cpp">
      <Filter>DirectInput</Filter>
    </ClCompile>
    <ClCompile Include="Include\Dinput\Joystick.cpp">
      <Filter>DirectInput</Filter>
    </ClCompile>
    <ClCompile Include="Include\Dinput\Keyboard.cpp">
      <Filter>DirectInput</Filter>
    </ClCompile>
    <ClCompile Include="Include\Dinput\Mouse.cpp">
      <Filter>DirectInput</Filter>
    </ClCompile>
    <ClCompile Include="Include\Dsound\DirectSound.cpp">
      <Filter>DirectSound</Filter>
    </ClCompile>
    <ClCompile Include="Include\Dsound\DSErr.cpp">
      <Filter>DirectSound</Filter>
    </ClCompile>
    <ClCompile Include="Include\Dsound\DSoundException.cpp">
      <Filter>DirectSound</Filter>
    </ClCompile>
    <ClCompile Include="Include\Dsound\SoundBuffer.cpp">
      <Filter>DirectSound</Filter>
    </ClCompile>
    <ClCompile Include="Include\File\File.cpp">
      <Filter>File</Filter>
    </ClCompile>
    <ClCompile Include="Include\File\FileManager.cpp">
      <Filter>File</Filter>
    </ClCompile>
    <ClCompile Include="Include\File\Path.cpp">
      <Filter>File</Filter>
    </ClCompile>
    <ClCompile Include="Include\File\RamFile.cpp">
      <Filter>File</Filter>
    </ClCompile>
    <ClCompile Include="Include\File\ZipFile.cpp">
      <Filter>File</Filter>
    </ClCompile>
    <ClCompile Include="Include\Geometry\AABB.cpp">
      <Filter>Geometry</Filter>
    </ClCompile>
    <ClCompile Include="Include\Misc\Exception.cpp">
      <Filter>Misc</Filter>
    </ClCompile>
    <ClCompile Include="Include\Misc\Lexer.cpp">
      <Filter>Misc</Filter>
    </ClCompile>
    <ClCompile Include="Include\Misc\ParseHelper.cpp">
      <Filter>Misc</Filter>
    </ClCompile>
    <ClCompile Include="Include\Misc\streambuf_history.cpp">
      <Filter>Misc</Filter>
    </ClCompile>
    <ClCompile Include="Include\Misc\Timer.cpp">
      <Filter>Misc</Filter>
    </ClCompile>
    <ClCompile Include="Include\Opengl\OGLErrors.cpp">
      <Filter>OpenGL</Filter>
    </ClCompile>
    <ClCompile Include="Include\Opengl\OpenGL.cpp">
      <Filter>OpenGL</Filter>
    </ClCompile>
    <ClCompile Include="Include\Opengl\RenderTarget.cpp">
      <Filter>OpenGL</Filter>
    </ClCompile>
    <ClCompile Include="Include\Win\AppWindow.cpp">
      <Filter>Windows</Filter>
    </ClCompile>
    <ClCompile Include="Include\Win\Debug.cpp">
      <Filter>Windows</Filter>
    </ClCompile>
    <ClCompile Include="Include\Win\DriverSelector.cpp">
      <Filter>Windows</Filter>
    </ClCompile>
    <ClCompile Include="Include\Win\FileRequester.cpp">
      <Filter>Windows</Filter>
    </ClCompile>
    <ClCompile Include="Include\Win\ScreenmodeRequester.cpp">
      <Filter>Windows</Filter>
    </ClCompile>
    <ClCompile Include="Include\Win\Window.cpp">
      <Filter>Windows</Filter>
    </ClCompile>
    <ClCompile Include="Include\Win\WinErr.cpp">
      <Filter>Windows</Filter>
    </ClCompile>
    <ClCompile Include="Include\Win\WinException.cpp">
      <Filter>Windows</Filter>
    </ClCompile>
    <ClCompile Include="Include\Win\WinMain.cpp">
      <Filter>Windows</Filter>
    </ClCompile>
    <ClCompile Include="Include\Win\WndProc.cpp">
      <Filter>Windows</Filter>
    </ClCompile>
    <ClCompile Include="Include\D3d\Direct3D.cpp">
      <Filter>Direct3D</Filter>
    </ClCompile>
    <ClCompile Include="Include\Math\MathLib.cpp">
      <Filter>Math</Filter>
    </ClCompile>
    <ClCompile Include="Include\Math\Plane.cpp">
      <Filter>Math</Filter>
    </ClCompile>
    <ClCompile Include="Include\Messaging\MessagingObject.cpp">
      <Filter>Messaging</Filter>
    </ClCompile>
    <ClCompile Include="Include\Adt\ChainedObject.cpp">
      <Filter>ADT</Filter>
    </ClCompile>
    <ClCompile Include="Include\Adt\Color.cpp">
      <Filter>ADT</Filter>
    </ClCompile>
    <ClCompile Include="Include\Adt\ConCmd.cpp">
      <Filter>ADT</Filter>
    </ClCompile>
    <ClCompile Include="Include\Adt\ConVar.cpp">
      <Filter>ADT</Filter>
    </ClCompile>
    <ClCompile Include="Include\Adt\NamedObject.CPP">
      <Filter>ADT</Filter>
    </ClCompile>
    <ClCompile Include="Include\Adt\RefCount.cpp">
      <Filter>ADT</Filter>
    </ClCompile>
  </ItemGroup>
  <ItemGroup>
    <ClInclude Include="Include\Ddraw\DDErr.h">
      <Filter>DirectDraw</Filter>
    </ClInclude>
    <ClInclude Include="Include\Ddraw\DDrawException.h">
      <Filter>DirectDraw</Filter>
    </ClInclude>
    <ClInclude Include="Include\Ddraw\DDUtil.h">
      <Filter>DirectDraw</Filter>
    </ClInclude>
    <ClInclude Include="Include\Ddraw\DirectDraw.h">
      <Filter>DirectDraw</Filter>
    </ClInclude>
    <ClInclude Include="Include\Ddraw\Overlay.h">
      <Filter>DirectDraw</Filter>
    </ClInclude>
    <ClInclude Include="Include\Ddraw\Palette.h">
      <Filter>DirectDraw</Filter>
    </ClInclude>
    <ClInclude Include="Include\Ddraw\Surface.h">
      <Filter>DirectDraw</Filter>
    </ClInclude>
    <ClInclude Include="Include\Ddraw\Surface16.h">
      <Filter>DirectDraw</Filter>
    </ClInclude>
    <ClInclude Include="Include\Ddraw\Surface8.h">
      <Filter>DirectDraw</Filter>
    </ClInclude>
    <ClInclude Include="Include\Ddraw\SurfaceMem.h">
      <Filter>DirectDraw</Filter>
    </ClInclude>
    <ClInclude Include="Include\Dinput\DIErr.h">
      <Filter>DirectInput</Filter>
    </ClInclude>
    <ClInclude Include="Include\Dinput\DInputDevice.h">
      <Filter>DirectInput</Filter>
    </ClInclude>
    <ClInclude Include="Include\Dinput\DInputException.h">
      <Filter>DirectInput</Filter>
    </ClInclude>
    <ClInclude Include="Include\Dinput\DirectInput.h">
      <Filter>DirectInput</Filter>
    </ClInclude>
    <ClInclude Include="Include\Dinput\Joystick.h">
      <Filter>DirectInput</Filter>
    </ClInclude>
    <ClInclude Include="Include\Dinput\Keyboard.h">
      <Filter>DirectInput</Filter>
    </ClInclude>
    <ClInclude Include="Include\Dinput\Mouse.h">
      <Filter>DirectInput</Filter>
    </ClInclude>
    <ClInclude Include="Include\Dsound\DirectSound.h">
      <Filter>DirectSound</Filter>
    </ClInclude>
    <ClInclude Include="Include\Dsound\DSErr.h">
      <Filter>DirectSound</Filter>
    </ClInclude>
    <ClInclude Include="Include\Dsound\DSoundException.h">
      <Filter>DirectSound</Filter>
    </ClInclude>
    <ClInclude Include="Include\Dsound\SoundBuffer.h">
      <Filter>DirectSound</Filter>
    </ClInclude>
    <ClInclude Include="Include\File\DirTree.h">
      <Filter>File</Filter>
    </ClInclude>
    <ClInclude Include="Include\File\DirTree.hh">
      <Filter>File</Filter>
    </ClInclude>
    <ClInclude Include="Include\File\File.h">
      <Filter>File</Filter>
    </ClInclude>
    <ClInclude Include="Include\File\FileManager.h">
      <Filter>File</Filter>
    </ClInclude>
    <ClInclude Include="Include\File\Path.h">
      <Filter>File</Filter>
    </ClInclude>
    <ClInclude Include="Include\File\RamFile.h">
      <Filter>File</Filter>
    </ClInclude>
    <ClInclude Include="Include\File\ZipFile.h">
      <Filter>File</Filter>
    </ClInclude>
    <ClInclude Include="Include\Geometry\AABB.h">
      <Filter>Geometry</Filter>
    </ClInclude>
    <ClInclude Include="Include\Misc\Exception.h">
      <Filter>Misc</Filter>
    </ClInclude>
    <ClInclude Include="Include\Misc\History.h">
      <Filter>Misc</Filter>
    </ClInclude>
    <ClInclude Include="Include\Misc\History.hh">
      <Filter>Misc</Filter>
    </ClInclude>
    <ClInclude Include="Include\Misc\Lexer.h">
      <Filter>Misc</Filter>
    </ClInclude>
    <ClInclude Include="Include\Misc\ParseHelper.h">
      <Filter>Misc</Filter>
    </ClInclude>
    <ClInclude Include="Include\Misc\QSort.h">
      <Filter>Misc</Filter>
    </ClInclude>
    <ClInclude Include="Include\Misc\STLHelp.h">
      <Filter>Misc</Filter>
    </ClInclude>
    <ClInclude Include="Include\Misc\streambuf_history.h">
      <Filter>Misc</Filter>
    </ClInclude>
    <ClInclude Include="Include\Misc\Timer.h">
      <Filter>Misc</Filter>
    </ClInclude>
    <ClInclude Include="Include\Opengl\GLFuncs.h">
      <Filter>OpenGL</Filter>
    </ClInclude>
    <ClInclude Include="Include\Opengl\OGLErrors.h">
      <Filter>OpenGL</Filter>
    </ClInclude>
    <ClInclude Include="Include\Opengl\OpenGL.h">
      <Filter>OpenGL</Filter>
    </ClInclude>
    <ClInclude Include="Include\Opengl\RenderTarget.h">
      <Filter>OpenGL</Filter>
    </ClInclude>
    <ClInclude Include="Include\Gl\glATI.h">
      <Filter>OpenGL\Extensions</Filter>
    </ClInclude>
    <ClInclude Include="Include\Gl\glext.h">
      <Filter>OpenGL\Extensions</Filter>
    </ClInclude>
    <ClInclude Include="Include\Gl\NewExt.h">
      <Filter>OpenGL\Extensions</Filter>
    </ClInclude>
    <ClInclude Include="Include\Gl\wglATI.h">
      <Filter>OpenGL\Extensions</Filter>
    </ClInclude>
    <ClInclude Include="Include\Gl\wglext.h">
      <Filter>OpenGL\Extensions</Filter>
    </ClInclude>
    <ClInclude Include="Include\Win\AppWindow.h">
      <Filter>Windows</Filter>
    </ClInclude>
    <ClInclude Include="Include\Win\Debug.h">
      <Filter>Windows</Filter>
    </ClInclude>
    <ClInclude Include="Include\Win\DriverSelector.h">
      <Filter>Windows</Filter>
    </ClInclude>
    <ClInclude Include="Include\Win\FileRequester.h">
      <Filter>Windows</Filter>
    </ClInclude>
    <ClInclude Include="Include\Win\resource.h">
      <Filter>Windows</Filter>
    </ClInclude>
    <ClInclude Include="Include\Win\ScreenmodeRequester.h">
      <Filter>Windows</Filter>
    </ClInclude>
    <ClInclude Include="Include\Win\Window.h">
      <Filter>Windows</Filter>
    </ClInclude>
    <ClInclude Include="Include\Win\WinErr.h">
      <Filter>Windows</Filter>
    </ClInclude>
    <ClInclude Include="Include\Win\WinException.h">
      <Filter>Windows</Filter>
    </ClInclude>
    <ClInclude Include="Include\Win\WinMain.h">
      <Filter>Windows</Filter>
    </ClInclude>
    <ClInclude Include="Include\Win\WndProc.h">
      <Filter>Windows</Filter>
    </ClInclude>
    <ClInclude Include="Include\Math\MathDefs.h">
      <Filter>Math</Filter>
    </ClInclude>
    <ClInclude Include="Include\Math\MathLib.h">
      <Filter>Math</Filter>
    </ClInclude>
    <ClInclude Include="Include\Math\Matrix3.h">
      <Filter>Math</Filter>
    </ClInclude>
    <ClInclude Include="Include\Math\Matrix3.hh">
      <Filter>Math</Filter>
    </ClInclude>
    <ClInclude Include="Include\Math\Matrix34.h">
      <Filter>Math</Filter>
    </ClInclude>
    <ClInclude Include="Include\Math\Matrix34.hh">
      <Filter>Math</Filter>
    </ClInclude>
    <ClInclude Include="Include\Math\Matrix4.h">
      <Filter>Math</Filter>
    </ClInclude>
    <ClInclude Include="Include\Math\Matrix4.hh">
      <Filter>Math</Filter>
    </ClInclude>
    <ClInclude Include="Include\Math\Plane.h">
      <Filter>Math</Filter>
    </ClInclude>
    <ClInclude Include="Include\Math\Vector2.h">
      <Filter>Math</Filter>
    </ClInclude>
    <ClInclude Include="Include\Math\Vector2.hh">
      <Filter>Math</Filter>
    </ClInclude>
    <ClInclude Include="Include\Math\Vector3.h">
      <Filter>Math</Filter>
    </ClInclude>
    <ClInclude Include="Include\Math\Vector3.hh">
      <Filter>Math</Filter>
    </ClInclude>
    <ClInclude Include="Include\Math\Vector4.h">
      <Filter>Math</Filter>
    </ClInclude>
    <ClInclude Include="Include\Math\Vector4.hh">
      <Filter>Math</Filter>
    </ClInclude>
    <ClInclude Include="Include\Messaging\Messages.h">
      <Filter>Messaging</Filter>
    </ClInclude>
    <ClInclude Include="Include\Messaging\MessagingObject.h">
      <Filter>Messaging</Filter>
    </ClInclude>
    <ClInclude Include="Include\Messaging\Param.h">
      <Filter>Messaging</Filter>
    </ClInclude>
    <ClInclude Include="Include\Adt\ChainedObject.h">
      <Filter>ADT</Filter>
    </ClInclude>
    <ClInclude Include="Include\Adt\Color.h">
      <Filter>ADT</Filter>
    </ClInclude>
    <ClInclude Include="Include\Adt\ConCmd.h">
      <Filter>ADT</Filter>
    </ClInclude>
    <ClInclude Include="Include\Adt\ConVar.h">
      <Filter>ADT</Filter>
    </ClInclude>
    <ClInclude Include="Include\Adt\NamedObject.h">
      <Filter>ADT</Filter>
    </ClInclude>
    <ClInclude Include="Include\Adt\RefCount.h">
      <Filter>ADT</Filter>
    </ClInclude>
    <ClInclude Include="Include\Adt\Singleton.h">
      <Filter>ADT</Filter>
    </ClInclude>
    <ClInclude Include="Include\Adt\Singleton.hh">
      <Filter>ADT</Filter>
    </ClInclude>
    <ClInclude Include="Include\Adt\SmartPointer.h">
      <Filter>ADT</Filter>
    </ClInclude>
    <ClInclude Include="Include\Adt\StrideArray.h">
      <Filter>ADT</Filter>
    </ClInclude>
    <ClInclude Include="Include\defs.h" />
    <ClInclude Include="Include\DXShell.h" />
  </ItemGroup>
  <ItemGroup>
    <Image Include="INCLUDE\WIN\appicon.ico">
      <Filter>Ressourcen</Filter>
    </Image>
    <Image Include="INCLUDE\WIN\Audio.ico">
      <Filter>Ressourcen</Filter>
    </Image>
    <Image Include="INCLUDE\WIN\Device2.ico">
      <Filter>Ressourcen</Filter>
    </Image>
    <Image Include="INCLUDE\WIN\DirectX.ico">
      <Filter>Ressourcen</Filter>
    </Image>
    <Image Include="INCLUDE\WIN\Screenmode.ico">
      <Filter>Ressourcen</Filter>
    </Image>
    <Image Include="INCLUDE\WIN\SKULL_FACE.ICO">
      <Filter>Ressourcen</Filter>
    </Image>
  </ItemGroup>
  <ItemGroup>
    <ResourceCompile Include="INCLUDE\WIN\DXShellLib.rc">
      <Filter>Ressourcen</Filter>
    </ResourceCompile>
  </ItemGroup>
  <ItemGroup>
    <None Include="VTune\DXShellLib.vpj" />
  </ItemGroup>
  <ItemGroup>
    <CustomBuild Include="Include\D3d\Direct3D.h">
      <Filter>Direct3D</Filter>
    </CustomBuild>
  </ItemGroup>
</Project>