<?xml version="1.0" encoding="utf-8"?>
<Project ToolsVersion="4.0" xmlns="http://schemas.microsoft.com/developer/msbuild/2003">
  <ItemGroup>
    <Filter Include="Source">
      <UniqueIdentifier>{3681c432-e4fc-40ee-8448-b288904308a5}</UniqueIdentifier>
      <Extensions>cpp;c;cxx;rc;def;r;odl;idl;hpj;bat</Extensions>
    </Filter>
    <Filter Include="Header">
      <UniqueIdentifier>{8acff206-61e3-4fdc-bf2a-151559df6f77}</UniqueIdentifier>
      <Extensions>h;hpp;hxx;hm;inl</Extensions>
    </Filter>
    <Filter Include="Loader">
      <UniqueIdentifier>{89dcd70b-3531-455b-973d-5a60fcaf77d9}</UniqueIdentifier>
    </Filter>
    <Filter Include="MISC">
      <UniqueIdentifier>{72043962-f322-4b6a-ba8b-342983a93fde}</UniqueIdentifier>
    </Filter>
    <Filter Include="Quake3">
      <UniqueIdentifier>{b136616e-5bcf-45b3-b388-23db7862dfc9}</UniqueIdentifier>
    </Filter>
    <Filter Include="Console">
      <UniqueIdentifier>{b0386342-994d-44f3-8f5c-823544bc1def}</UniqueIdentifier>
    </Filter>
    <Filter Include="MemoryManager">
      <UniqueIdentifier>{4babd700-1332-48b4-bafe-7772e7b56556}</UniqueIdentifier>
    </Filter>
    <Filter Include="SceneGraph">
      <UniqueIdentifier>{759f1a6b-2950-485e-9234-60875193efce}</UniqueIdentifier>
    </Filter>
    <Filter Include="Renderer">
      <UniqueIdentifier>{4e0ba2bd-aa15-4f7e-964e-c7dcf72b4f40}</UniqueIdentifier>
    </Filter>
    <Filter Include="ROQPlayer">
      <UniqueIdentifier>{33de88e4-3dbf-4910-9935-bcbaa3cfd3f0}</UniqueIdentifier>
    </Filter>
    <Filter Include="Image">
      <UniqueIdentifier>{802744b4-6038-4d91-bc3a-39d541ef4c34}</UniqueIdentifier>
    </Filter>
    <Filter Include="Texture">
      <UniqueIdentifier>{c811f915-ed04-4d45-896f-49c09963cca4}</UniqueIdentifier>
    </Filter>
    <Filter Include="Engine">
      <UniqueIdentifier>{909a2c5d-d863-412d-a1a1-f13ecbd1a576}</UniqueIdentifier>
    </Filter>
    <Filter Include="Doom">
      <UniqueIdentifier>{4232b9cd-d284-41a5-9fa1-1483414d4007}</UniqueIdentifier>
    </Filter>
  </ItemGroup>
  <ItemGroup>
    <ClCompile Include="Color.cpp">
      <Filter>Source</Filter>
    </ClCompile>
    <ClCompile Include="diesel.cpp">
      <Filter>Source</Filter>
    </ClCompile>
    <ClCompile Include="Kernel.cpp">
      <Filter>Source</Filter>
    </ClCompile>
    <ClCompile Include="Quaternion.cpp">
      <Filter>Source</Filter>
    </ClCompile>
    <ClCompile Include="Sound.cpp">
      <Filter>Source</Filter>
    </ClCompile>
    <ClCompile Include="Task.cpp">
      <Filter>Source</Filter>
    </ClCompile>
    <ClCompile Include="3DSLoader.cpp">
      <Filter>Loader</Filter>
    </ClCompile>
    <ClCompile Include="ASELoader.cpp">
      <Filter>Loader</Filter>
    </ClCompile>
    <ClCompile Include="DOFLoader.cpp">
      <Filter>Loader</Filter>
    </ClCompile>
    <ClCompile Include="LWOLoader.cpp">
      <Filter>Loader</Filter>
    </ClCompile>
    <ClCompile Include="MD3Loader.cpp">
      <Filter>Loader</Filter>
    </ClCompile>
    <ClCompile Include="MESHLOADER.CPP">
      <Filter>Loader</Filter>
    </ClCompile>
    <ClCompile Include="MS3DLoader.cpp">
      <Filter>Loader</Filter>
    </ClCompile>
    <ClCompile Include="ShaderLoader.cpp">
      <Filter>Loader</Filter>
    </ClCompile>
    <ClCompile Include="Memcpy.cpp">
      <Filter>MISC</Filter>
    </ClCompile>
    <ClCompile Include="STRIPPER.CPP">
      <Filter>MISC</Filter>
    </ClCompile>
    <ClCompile Include="VBSERVICES.CPP">
      <Filter>MISC</Filter>
    </ClCompile>
    <ClCompile Include="Q3BSPLoader.cpp">
      <Filter>Quake3</Filter>
    </ClCompile>
    <ClCompile Include="Q3BSPMesh.cpp">
      <Filter>Quake3</Filter>
    </ClCompile>
    <ClCompile Include="Q3Entity.cpp">
      <Filter>Quake3</Filter>
    </ClCompile>
    <ClCompile Include="Q3EntityFactory.cpp">
      <Filter>Quake3</Filter>
    </ClCompile>
    <ClCompile Include="Q3Scene.cpp">
      <Filter>Quake3</Filter>
    </ClCompile>
    <ClCompile Include="ConKeyMap.cpp">
      <Filter>Console</Filter>
    </ClCompile>
    <ClCompile Include="GLConsole.cpp">
      <Filter>Console</Filter>
    </ClCompile>
    <ClCompile Include="GLText.cpp">
      <Filter>Console</Filter>
    </ClCompile>
    <ClCompile Include="KeyMap.cpp">
      <Filter>Console</Filter>
    </ClCompile>
    <ClCompile Include="LineEdit.cpp">
      <Filter>Console</Filter>
    </ClCompile>
    <ClCompile Include="GeometryMemManager.cpp">
      <Filter>MemoryManager</Filter>
    </ClCompile>
    <ClCompile Include="MemoryManager.cpp">
      <Filter>MemoryManager</Filter>
    </ClCompile>
    <ClCompile Include="MemoryMap.cpp">
      <Filter>MemoryManager</Filter>
    </ClCompile>
    <ClCompile Include="Animator.cpp">
      <Filter>SceneGraph</Filter>
    </ClCompile>
    <ClCompile Include="BaseScene.cpp">
      <Filter>SceneGraph</Filter>
    </ClCompile>
    <ClCompile Include="Entity.cpp">
      <Filter>SceneGraph</Filter>
    </ClCompile>
    <ClCompile Include="Mesh.cpp">
      <Filter>SceneGraph</Filter>
    </ClCompile>
    <ClCompile Include="MS3DAnimation.cpp">
      <Filter>SceneGraph</Filter>
    </ClCompile>
    <ClCompile Include="MS3DEntity.cpp">
      <Filter>SceneGraph</Filter>
    </ClCompile>
    <ClCompile Include="MS3DModel.cpp">
      <Filter>SceneGraph</Filter>
    </ClCompile>
    <ClCompile Include="SceneGraph.cpp">
      <Filter>SceneGraph</Filter>
    </ClCompile>
    <ClCompile Include="Transformation.cpp">
      <Filter>SceneGraph</Filter>
    </ClCompile>
    <ClCompile Include="Renderer.cpp">
      <Filter>Renderer</Filter>
    </ClCompile>
    <ClCompile Include="Shader.cpp">
      <Filter>Renderer</Filter>
    </ClCompile>
    <ClCompile Include="ShaderPass.cpp">
      <Filter>Renderer</Filter>
    </ClCompile>
    <ClCompile Include="SkyGen.cpp">
      <Filter>Renderer</Filter>
    </ClCompile>
    <ClCompile Include="TNLStack.cpp">
      <Filter>Renderer</Filter>
    </ClCompile>
    <ClCompile Include="VertexBuffer.cpp">
      <Filter>Renderer</Filter>
    </ClCompile>
    <ClCompile Include="Wave.cpp">
      <Filter>Renderer</Filter>
    </ClCompile>
    <ClCompile Include="ROQPlayer\roq_read.c">
      <Filter>ROQPlayer</Filter>
    </ClCompile>
    <ClCompile Include="BMPLoader.cpp">
      <Filter>Image</Filter>
    </ClCompile>
    <ClCompile Include="FTXLoader.cpp">
      <Filter>Image</Filter>
    </ClCompile>
    <ClCompile Include="Image.cpp">
      <Filter>Image</Filter>
    </ClCompile>
    <ClCompile Include="ImageLoader.cpp">
      <Filter>Image</Filter>
    </ClCompile>
    <ClCompile Include="JPGLoader.cpp">
      <Filter>Image</Filter>
    </ClCompile>
    <ClCompile Include="TGALoader.cpp">
      <Filter>Image</Filter>
    </ClCompile>
    <ClCompile Include="AVITexture.cpp">
      <Filter>Texture</Filter>
    </ClCompile>
    <ClCompile Include="ROQTexture.cpp">
      <Filter>Texture</Filter>
    </ClCompile>
    <ClCompile Include="SpecialTextures.cpp">
      <Filter>Texture</Filter>
    </ClCompile>
    <ClCompile Include="Texture.cpp">
      <Filter>Texture</Filter>
    </ClCompile>
    <ClCompile Include="TextureManager.cpp">
      <Filter>Texture</Filter>
    </ClCompile>
    <ClCompile Include="VideoTexture.cpp">
      <Filter>Texture</Filter>
    </ClCompile>
    <ClCompile Include="WaterTexture.cpp">
      <Filter>Texture</Filter>
    </ClCompile>
    <ClCompile Include="Camera.cpp">
      <Filter>Engine</Filter>
    </ClCompile>
    <ClCompile Include="Commands.cpp">
      <Filter>Engine</Filter>
    </ClCompile>
    <ClCompile Include="Engine.cpp">
      <Filter>Engine</Filter>
    </ClCompile>
    <ClCompile Include="Frustum.cpp">
      <Filter>Engine</Filter>
    </ClCompile>
    <ClCompile Include="D3Entity.cpp">
      <Filter>Doom</Filter>
    </ClCompile>
    <ClCompile Include="DoomLoader.cpp">
      <Filter>Doom</Filter>
    </ClCompile>
    <ClCompile Include="DoomMap.cpp">
      <Filter>Doom</Filter>
    </ClCompile>
    <ClCompile Include="DoomScene.cpp">
      <Filter>Doom</Filter>
    </ClCompile>
  </ItemGroup>
  <ItemGroup>
    <ClInclude Include="Color.h">
      <Filter>Header</Filter>
    </ClInclude>
    <ClInclude Include="diesel.h">
      <Filter>Header</Filter>
    </ClInclude>
    <ClInclude Include="Kernel.h">
      <Filter>Header</Filter>
    </ClInclude>
    <ClInclude Include="QuadricBezierPatch.h">
      <Filter>Header</Filter>
    </ClInclude>
    <ClInclude Include="Quaternion.h">
      <Filter>Header</Filter>
    </ClInclude>
    <ClInclude Include="Sound.h">
      <Filter>Header</Filter>
    </ClInclude>
    <ClInclude Include="Surfaceflags.h">
      <Filter>Header</Filter>
    </ClInclude>
    <ClInclude Include="Task.h">
      <Filter>Header</Filter>
    </ClInclude>
    <ClInclude Include="3DSLoader.h">
      <Filter>Loader</Filter>
    </ClInclude>
    <ClInclude Include="ASELoader.h">
      <Filter>Loader</Filter>
    </ClInclude>
    <ClInclude Include="DOFLoader.h">
      <Filter>Loader</Filter>
    </ClInclude>
    <ClInclude Include="LWOLoader.h">
      <Filter>Loader</Filter>
    </ClInclude>
    <ClInclude Include="MD3Loader.h">
      <Filter>Loader</Filter>
    </ClInclude>
    <ClInclude Include="MESHLOADER.H">
      <Filter>Loader</Filter>
    </ClInclude>
    <ClInclude Include="MS3DLoader.h">
      <Filter>Loader</Filter>
    </ClInclude>
    <ClInclude Include="ShaderLoader.h">
      <Filter>Loader</Filter>
    </ClInclude>
    <ClInclude Include="MEMCPY.H">
      <Filter>MISC</Filter>
    </ClInclude>
    <ClInclude Include="Rect.h">
      <Filter>MISC</Filter>
    </ClInclude>
    <ClInclude Include="STRIPPER.H">
      <Filter>MISC</Filter>
    </ClInclude>
    <ClInclude Include="VBSERVICES.H">
      <Filter>MISC</Filter>
    </ClInclude>
    <ClInclude Include="Q3BSPLoader.h">
      <Filter>Quake3</Filter>
    </ClInclude>
    <ClInclude Include="Q3BSPMesh.h">
      <Filter>Quake3</Filter>
    </ClInclude>
    <ClInclude Include="Q3Entity.h">
      <Filter>Quake3</Filter>
    </ClInclude>
    <ClInclude Include="Q3EntityFactory.h">
      <Filter>Quake3</Filter>
    </ClInclude>
    <ClInclude Include="Q3Scene.h">
      <Filter>Quake3</Filter>
    </ClInclude>
    <ClInclude Include="ConKeyMap.h">
      <Filter>Console</Filter>
    </ClInclude>
    <ClInclude Include="GLConsole.h">
      <Filter>Console</Filter>
    </ClInclude>
    <ClInclude Include="GLText.h">
      <Filter>Console</Filter>
    </ClInclude>
    <ClInclude Include="KeyMap.h">
      <Filter>Console</Filter>
    </ClInclude>
    <ClInclude Include="LineEdit.h">
      <Filter>Console</Filter>
    </ClInclude>
    <ClInclude Include="GeometryMemManager.h">
      <Filter>MemoryManager</Filter>
    </ClInclude>
    <ClInclude Include="MemoryManager.h">
      <Filter>MemoryManager</Filter>
    </ClInclude>
    <ClInclude Include="MemoryMap.h">
      <Filter>MemoryManager</Filter>
    </ClInclude>
    <ClInclude Include="Animator.h">
      <Filter>SceneGraph</Filter>
    </ClInclude>
    <ClInclude Include="BaseScene.h">
      <Filter>SceneGraph</Filter>
    </ClInclude>
    <ClInclude Include="Entity.h">
      <Filter>SceneGraph</Filter>
    </ClInclude>
    <ClInclude Include="Mesh.h">
      <Filter>SceneGraph</Filter>
    </ClInclude>
    <ClInclude Include="MS3DAnimation.h">
      <Filter>SceneGraph</Filter>
    </ClInclude>
    <ClInclude Include="MS3DEntity.h">
      <Filter>SceneGraph</Filter>
    </ClInclude>
    <ClInclude Include="MS3DModel.h">
      <Filter>SceneGraph</Filter>
    </ClInclude>
    <ClInclude Include="SceneGraph.h">
      <Filter>SceneGraph</Filter>
    </ClInclude>
    <ClInclude Include="Transformation.h">
      <Filter>SceneGraph</Filter>
    </ClInclude>
    <ClInclude Include="Features.h">
      <Filter>Renderer</Filter>
    </ClInclude>
    <ClInclude Include="glState.h">
      <Filter>Renderer</Filter>
    </ClInclude>
    <ClInclude Include="Light.h">
      <Filter>Renderer</Filter>
    </ClInclude>
    <ClInclude Include="Renderer.h">
      <Filter>Renderer</Filter>
    </ClInclude>
    <ClInclude Include="Shader.h">
      <Filter>Renderer</Filter>
    </ClInclude>
    <ClInclude Include="ShaderPass.h">
      <Filter>Renderer</Filter>
    </ClInclude>
    <ClInclude Include="SkyGen.h">
      <Filter>Renderer</Filter>
    </ClInclude>
    <ClInclude Include="TNLStack.h">
      <Filter>Renderer</Filter>
    </ClInclude>
    <ClInclude Include="VertexArrays.h">
      <Filter>Renderer</Filter>
    </ClInclude>
    <ClInclude Include="VertexBuffer.h">
      <Filter>Renderer</Filter>
    </ClInclude>
    <ClInclude Include="Wave.h">
      <Filter>Renderer</Filter>
    </ClInclude>
    <ClInclude Include="ROQPlayer\roq.h">
      <Filter>ROQPlayer</Filter>
    </ClInclude>
    <ClInclude Include="BMPLoader.h">
      <Filter>Image</Filter>
    </ClInclude>
    <ClInclude Include="FTXLoader.h">
      <Filter>Image</Filter>
    </ClInclude>
    <ClInclude Include="Image.h">
      <Filter>Image</Filter>
    </ClInclude>
    <ClInclude Include="ImageLoader.h">
      <Filter>Image</Filter>
    </ClInclude>
    <ClInclude Include="JPGLoader.h">
      <Filter>Image</Filter>
    </ClInclude>
    <ClInclude Include="TGALoader.h">
      <Filter>Image</Filter>
    </ClInclude>
    <ClInclude Include="AVITexture.h">
      <Filter>Texture</Filter>
    </ClInclude>
    <ClInclude Include="ROQTexture.h">
      <Filter>Texture</Filter>
    </ClInclude>
    <ClInclude Include="SpecialTextures.h">
      <Filter>Texture</Filter>
    </ClInclude>
    <ClInclude Include="Texture.h">
      <Filter>Texture</Filter>
    </ClInclude>
    <ClInclude Include="TextureManager.h">
      <Filter>Texture</Filter>
    </ClInclude>
    <ClInclude Include="VideoTexture.h">
      <Filter>Texture</Filter>
    </ClInclude>
    <ClInclude Include="WaterTexture.h">
      <Filter>Texture</Filter>
    </ClInclude>
    <ClInclude Include="Camera.h">
      <Filter>Engine</Filter>
    </ClInclude>
    <ClInclude Include="Commands.h">
      <Filter>Engine</Filter>
    </ClInclude>
    <ClInclude Include="Engine.h">
      <Filter>Engine</Filter>
    </ClInclude>
    <ClInclude Include="EngineTypes.h">
      <Filter>Engine</Filter>
    </ClInclude>
    <ClInclude Include="Frustum.h">
      <Filter>Engine</Filter>
    </ClInclude>
    <ClInclude Include="D3Entity.h">
      <Filter>Doom</Filter>
    </ClInclude>
    <ClInclude Include="DoomLoader.h">
      <Filter>Doom</Filter>
    </ClInclude>
    <ClInclude Include="DoomMap.h">
      <Filter>Doom</Filter>
    </ClInclude>
    <ClInclude Include="DoomScene.h">
      <Filter>Doom</Filter>
    </ClInclude>
  </ItemGroup>
  <ItemGroup>
    <Text Include="ROQPlayer\idroq.txt">
      <Filter>ROQPlayer</Filter>
    </Text>
    <Text Include="Ideas.txt" />
    <Text Include="..\README.TXT" />
  </ItemGroup>
</Project>