Microsoft Visual Studio Solution File, Format Version 9.00
# Visual Studio 2005
Project("{8BC9CEB8-8B4A-11D0-8D11-00A0C91BC942}") = "DieselEngine", "diesel.vcproj", "{E08359D3-E90C-419D-B5BF-5BADE2807028}"
	ProjectSection(ProjectDependencies) = postProject
		{585AAF8E-1434-43F2-B910-92BF7B8832EB} = {585AAF8E-1434-43F2-B910-92BF7B8832EB}
		{0DA4C663-71B7-4E0B-98D8-8A134E0110A9} = {0DA4C663-71B7-4E0B-98D8-8A134E0110A9}
	EndProjectSection
EndProject
Project("{8BC9CEB8-8B4A-11D0-8D11-00A0C91BC942}") = "PN_MMGR", "..\..\LIBRARIES\PN_MMGR\PN_MMGR.vcproj", "{1F9C689E-A6C5-4B2D-9638-53544EE95385}"
EndProject
Project("{8BC9CEB8-8B4A-11D0-8D11-00A0C91BC942}") = "DXShellLib", "..\..\LIBRARIES\DXSHELL\DXSHELLLIB.VCPROJ", "{585AAF8E-1434-43F2-B910-92BF7B8832EB}"
	ProjectSection(ProjectDependencies) = postProject
		{745DEC58-EBB3-47A9-A9B8-4C6627C01BF8} = {745DEC58-EBB3-47A9-A9B8-4C6627C01BF8}
	EndProjectSection
EndProject
Project("{8BC9CEB8-8B4A-11D0-8D11-00A0C91BC942}") = "JPEGLib", "..\..\LIBRARIES\JPEGLIB\win32\JPEGLib.vcproj", "{0DA4C663-71B7-4E0B-98D8-8A134E0110A9}"
EndProject
Project("{8BC9CEB8-8B4A-11D0-8D11-00A0C91BC942}") = "zlibstat", "..\..\LIBRARIES\zlib122\contrib\vstudio\vc7\zlibstat.vcproj", "{745DEC58-EBB3-47A9-A9B8-4C6627C01BF8}"
EndProject
Global
	GlobalSection(SolutionConfigurationPlatforms) = preSolution
		Debug|Win32 = Debug|Win32
		Release|Win32 = Release|Win32
	EndGlobalSection
	GlobalSection(ProjectConfigurationPlatforms) = postSolution
		{E08359D3-E90C-419D-B5BF-5BADE2807028}.Debug|Win32.ActiveCfg = Debug|Win32
		{E08359D3-E90C-419D-B5BF-5BADE2807028}.Debug|Win32.Build.0 = Debug|Win32
		{E08359D3-E90C-419D-B5BF-5BADE2807028}.Release|Win32.ActiveCfg = Release|Win32
		{E08359D3-E90C-419D-B5BF-5BADE2807028}.Release|Win32.Build.0 = Release|Win32
		{1F9C689E-A6C5-4B2D-9638-53544EE95385}.Debug|Win32.ActiveCfg = Debug|Win32
		{1F9C689E-A6C5-4B2D-9638-53544EE95385}.Debug|Win32.Build.0 = Debug|Win32
		{1F9C689E-A6C5-4B2D-9638-53544EE95385}.Release|Win32.ActiveCfg = Release|Win32
		{1F9C689E-A6C5-4B2D-9638-53544EE95385}.Release|Win32.Build.0 = Release|Win32
		{585AAF8E-1434-43F2-B910-92BF7B8832EB}.Debug|Win32.ActiveCfg = Debug|Win32
		{585AAF8E-1434-43F2-B910-92BF7B8832EB}.Debug|Win32.Build.0 = Debug|Win32
		{585AAF8E-1434-43F2-B910-92BF7B8832EB}.Release|Win32.ActiveCfg = Release|Win32
		{585AAF8E-1434-43F2-B910-92BF7B8832EB}.Release|Win32.Build.0 = Release|Win32
		{0DA4C663-71B7-4E0B-98D8-8A134E0110A9}.Debug|Win32.ActiveCfg = Debug|Win32
		{0DA4C663-71B7-4E0B-98D8-8A134E0110A9}.Debug|Win32.Build.0 = Debug|Win32
		{0DA4C663-71B7-4E0B-98D8-8A134E0110A9}.Release|Win32.ActiveCfg = Release|Win32
		{0DA4C663-71B7-4E0B-98D8-8A134E0110A9}.Release|Win32.Build.0 = Release|Win32
		{745DEC58-EBB3-47A9-A9B8-4C6627C01BF8}.Debug|Win32.ActiveCfg = Debug|Win32
		{745DEC58-EBB3-47A9-A9B8-4C6627C01BF8}.Debug|Win32.Build.0 = Debug|Win32
		{745DEC58-EBB3-47A9-A9B8-4C6627C01BF8}.Release|Win32.ActiveCfg = Release|Win32
		{745DEC58-EBB3-47A9-A9B8-4C6627C01BF8}.Release|Win32.Build.0 = Release|Win32
	EndGlobalSection
	GlobalSection(SolutionProperties) = preSolution
		HideSolutionNode = FALSE
	EndGlobalSection
	GlobalSection(ExtensibilityGlobals) = postSolution
		DPBuild = 5
	EndGlobalSection
EndGlobal
